
Microsoft Visual Studio Solution File, Format Version 12.00
# Visual Studio Version 17
VisualStudioVersion = 17.6.33723.286
MinimumVisualStudioVersion = 10.0.40219.1
Project("{FAE04EC0-301F-11D3-BF4B-00C04F79EFBC}") = "EmployeeManagement", "EmployeeManagement\EmployeeManagement.csproj", "{13EE2F17-9A66-4C4E-9A5E-D1330310514A}"
EndProject
Project("{FAE04EC0-301F-11D3-BF4B-00C04F79EFBC}") = "DataAccesLayer", "DataAccesLayer\DataAccesLayer.csproj", "{F56C58CE-2138-44CE-9987-3B621A74A360}"
EndProject
Project("{FAE04EC0-301F-11D3-BF4B-00C04F79EFBC}") = "BusinessLogisLayer", "BusinessLogisLayer\BusinessLogisLayer.csproj", "{AB27D880-2095-4DCA-AB84-E5AED0F34B02}"
EndProject
Global
	GlobalSection(SolutionConfigurationPlatforms) = preSolution
		Debug|Any CPU = Debug|Any CPU
		Release|Any CPU = Release|Any CPU
	EndGlobalSection
	GlobalSection(ProjectConfigurationPlatforms) = postSolution
		{13EE2F17-9A66-4C4E-9A5E-D1330310514A}.Debug|Any CPU.ActiveCfg = Debug|Any CPU
		{13EE2F17-9A66-4C4E-9A5E-D1330310514A}.Debug|Any CPU.Build.0 = Debug|Any CPU
		{13EE2F17-9A66-4C4E-9A5E-D1330310514A}.Release|Any CPU.ActiveCfg = Release|Any CPU
		{13EE2F17-9A66-4C4E-9A5E-D1330310514A}.Release|Any CPU.Build.0 = Release|Any CPU
		{F56C58CE-2138-44CE-9987-3B621A74A360}.Debug|Any CPU.ActiveCfg = Debug|Any CPU
		{F56C58CE-2138-44CE-9987-3B621A74A360}.Debug|Any CPU.Build.0 = Debug|Any CPU
		{F56C58CE-2138-44CE-9987-3B621A74A360}.Release|Any CPU.ActiveCfg = Release|Any CPU
		{F56C58CE-2138-44CE-9987-3B621A74A360}.Release|Any CPU.Build.0 = Release|Any CPU
		{AB27D880-2095-4DCA-AB84-E5AED0F34B02}.Debug|Any CPU.ActiveCfg = Debug|Any CPU
		{AB27D880-2095-4DCA-AB84-E5AED0F34B02}.Debug|Any CPU.Build.0 = Debug|Any CPU
		{AB27D880-2095-4DCA-AB84-E5AED0F34B02}.Release|Any CPU.ActiveCfg = Release|Any CPU
		{AB27D880-2095-4DCA-AB84-E5AED0F34B02}.Release|Any CPU.Build.0 = Release|Any CPU
	EndGlobalSection
	GlobalSection(SolutionProperties) = preSolution
		HideSolutionNode = FALSE
	EndGlobalSection
	GlobalSection(ExtensibilityGlobals) = postSolution
		SolutionGuid = {63D6F701-B4D4-4B8E-8F34-3B9971DF5289}
	EndGlobalSection
EndGlobal
